Microsoft Visual Studio Solution File, Format Version 12.00
# Visual Studio Version 17
VisualStudioVersion = 17.5.2.0
MinimumVisualStudioVersion = 10.0.40219.1
Project("{FAE04EC0-301F-11D3-BF4B-00C04F79EFBC}") = "NDMNS_API", "NDMNS_API.csproj", "{6FA11E99-588F-533D-AC83-90A28B7B7098}"
EndProject
Global
	GlobalSection(SolutionConfigurationPlatforms) = preSolution
		Debug|Any CPU = Debug|Any CPU
		Release|Any CPU = Release|Any CPU
	EndGlobalSection
	GlobalSection(ProjectConfigurationPlatforms) = postSolution
		{6FA11E99-588F-533D-AC83-90A28B7B7098}.Debug|Any CPU.ActiveCfg = Debug|Any CPU
		{6FA11E99-588F-533D-AC83-90A28B7B7098}.Debug|Any CPU.Build.0 = Debug|Any CPU
		{6FA11E99-588F-533D-AC83-90A28B7B7098}.Release|Any CPU.ActiveCfg = Release|Any CPU
		{6FA11E99-588F-533D-AC83-90A28B7B7098}.Release|Any CPU.Build.0 = Release|Any CPU
	EndGlobalSection
	GlobalSection(SolutionProperties) = preSolution
		HideSolutionNode = FALSE
	EndGlobalSection
	GlobalSection(ExtensibilityGlobals) = postSolution
		SolutionGuid = {27C6D33F-7F6B-44D3-BD3E-6F31BCC10CB3}
	EndGlobalSection
EndGlobal
